
Microsoft Visual Studio Solution File, Format Version 10.00
# Visual C++ Express 2008
Project("{8BC9CEB8-8B4A-11D0-8D11-00A0C91BC942}") = "GarboChess3", "GarboChess3\GarboChess3.vcproj", "{114C4952-5AC8-4C5E-8F0E-DD05E938F27B}"
EndProject
Global
	GlobalSection(SolutionConfigurationPlatforms) = preSolution
		Debug|Win32 = Debug|Win32
		Release|Win32 = Release|Win32
	EndGlobalSection
	GlobalSection(ProjectConfigurationPlatforms) = postSolution
		{114C4952-5AC8-4C5E-8F0E-DD05E938F27B}.Debug|Win32.ActiveCfg = Debug|Win32
		{114C4952-5AC8-4C5E-8F0E-DD05E938F27B}.Debug|Win32.Build.0 = Debug|Win32
		{114C4952-5AC8-4C5E-8F0E-DD05E938F27B}.Release|Win32.ActiveCfg = Release|Win32
		{114C4952-5AC8-4C5E-8F0E-DD05E938F27B}.Release|Win32.Build.0 = Release|Win32
	EndGlobalSection
	GlobalSection(SolutionProperties) = preSolution
		HideSolutionNode = FALSE
	EndGlobalSection
EndGlobal
